// !$*UTF8*$!
{
	archiveVersion = 1;
	classes = {
	};
	objectVersion = 46;
	objects = {

/* Begin PBXBuildFile section */
		2123D2161C3D952D00687F38 /* AppDelegate.swift in Sources */ = {isa = PBXBuildFile; fileRef = 2123D2151C3D952D00687F38 /* AppDelegate.swift */; };
		2123D2181C3D952D00687F38 /* ViewController.swift in Sources */ = {isa = PBXBuildFile; fileRef = 2123D2171C3D952D00687F38 /* ViewController.swift */; };
		2123D21B1C3D952D00687F38 /* Main.storyboard in Resources */ = {isa = PBXBuildFile; fileRef = 2123D2191C3D952D00687F38 /* Main.storyboard */; };
		2123D21D1C3D952D00687F38 /* Assets.xcassets in Resources */ = {isa = PBXBuildFile; fileRef = 2123D21C1C3D952D00687F38 /* Assets.xcassets */; };
		2123D2201C3D952D00687F38 /* LaunchScreen.storyboard in Resources */ = {isa = PBXBuildFile; fileRef = 2123D21E1C3D952D00687F38 /* LaunchScreen.storyboard */; };
		2123D22B1C3D952D00687F38 /* good_contactsTests.swift in Sources */ = {isa = PBXBuildFile; fileRef = 2123D22A1C3D952D00687F38 /* good_contactsTests.swift */; };
		2123D2361C3D952D00687F38 /* good_contactsUITests.swift in Sources */ = {isa = PBXBuildFile; fileRef = 2123D2351C3D952D00687F38 /* good_contactsUITests.swift */; };
		2123D2441C3D963F00687F38 /* ContactsTableViewController.swift in Sources */ = {isa = PBXBuildFile; fileRef = 2123D2431C3D963F00687F38 /* ContactsTableViewController.swift */; settings = {ASSET_TAGS = (); }; };
		2123D2461C3D993A00687F38 /* Contct.swift in Sources */ = {isa = PBXBuildFile; fileRef = 2123D2451C3D993A00687F38 /* Contct.swift */; settings = {ASSET_TAGS = (); }; };
		21DC9DA81C3F55E800D564B0 /* DetailViewController.swift in Sources */ = {isa = PBXBuildFile; fileRef = 21DC9DA71C3F55E800D564B0 /* DetailViewController.swift */; settings = {ASSET_TAGS = (); }; };
/* End PBXBuildFile section */

/* Begin PBXContainerItemProxy section */
		2123D2271C3D952D00687F38 /* PBXContainerItemProxy */ = {
			isa = PBXContainerItemProxy;
			containerPortal = 2123D20A1C3D952D00687F38 /* Project object */;
			proxyType = 1;
			remoteGlobalIDString = 2123D2111C3D952D00687F38;
			remoteInfo = "good contacts";
		};
		2123D2321C3D952D00687F38 /* PBXContainerItemProxy */ = {
			isa = PBXContainerItemProxy;
			containerPortal = 2123D20A1C3D952D00687F38 /* Project object */;
			proxyType = 1;
			remoteGlobalIDString = 2123D2111C3D952D00687F38;
			remoteInfo = "good contacts";
		};
/* End PBXContainerItemProxy section */

/* Begin PBXFileReference section */
		2123D2121C3D952D00687F38 /* good contacts.app */ = {isa = PBXFileReference; explicitFileType = wrapper.application; includeInIndex = 0; path = "good contacts.app"; sourceTree = BUILT_PRODUCTS_DIR; };
		2123D2151C3D952D00687F38 /* AppDelegate.swift */ = {isa = PBXFileReference; lastKnownFileType = sourcecode.swift; path = AppDelegate.swift; sourceTree = "<group>"; };
		2123D2171C3D952D00687F38 /* ViewController.swift */ = {isa = PBXFileReference; lastKnownFileType = sourcecode.swift; path = ViewController.swift; sourceTree = "<group>"; };
		2123D21A1C3D952D00687F38 /* Base */ = {isa = PBXFileReference; lastKnownFileType = file.storyboard; name = Base; path = Base.lproj/Main.storyboard; sourceTree = "<group>"; };
		2123D21C1C3D952D00687F38 /* Assets.xcassets */ = {isa = PBXFileReference; lastKnownFileType = folder.assetcatalog; path = Assets.xcassets; sourceTree = "<group>"; };
		2123D21F1C3D952D00687F38 /* Base */ = {isa = PBXFileReference; lastKnownFileType = file.storyboard; name = Base; path = Base.lproj/LaunchScreen.storyboard; sourceTree = "<group>"; };
		2123D2211C3D952D00687F38 /* Info.plist */ = {isa = PBXFileReference; lastKnownFileType = text.plist.xml; path = Info.plist; sourceTree = "<group>"; };
		2123D2261C3D952D00687F38 /* good contactsTests.xctest */ = {isa = PBXFileReference; explicitFileType = wrapper.cfbundle; includeInIndex = 0; path = "good contactsTests.xctest"; sourceTree = BUILT_PRODUCTS_DIR; };
		2123D22A1C3D952D00687F38 /* good_contactsTests.swift */ = {isa = PBXFileReference; lastKnownFileType = sourcecode.swift; path = good_contactsTests.swift; sourceTree = "<group>"; };
		2123D22C1C3D952D00687F38 /* Info.plist */ = {isa = PBXFileReference; lastKnownFileType = text.plist.xml; path = Info.plist; sourceTree = "<group>"; };
		2123D2311C3D952D00687F38 /* good contactsUITests.xctest */ = {isa = PBXFileReference; explicitFileType = wrapper.cfbundle; includeInIndex = 0; path = "good contactsUITests.xctest"; sourceTree = BUILT_PRODUCTS_DIR; };
		2123D2351C3D952D00687F38 /* good_contactsUITests.swift */ = {isa = PBXFileReference; lastKnownFileType = sourcecode.swift; path = good_contactsUITests.swift; sourceTree = "<group>"; };
		2123D2371C3D952D00687F38 /* Info.plist */ = {isa = PBXFileReference; lastKnownFileType = text.plist.xml; path = Info.plist; sourceTree = "<group>"; };
		2123D2431C3D963F00687F38 /* ContactsTableViewController.swift */ = {isa = PBXFileReference; fileEncoding = 4; lastKnownFileType = sourcecode.swift; path = ContactsTableViewController.swift; sourceTree = "<group>"; };
		2123D2451C3D993A00687F38 /* Contct.swift */ = {isa = PBXFileReference; fileEncoding = 4; lastKnownFileType = sourcecode.swift; path = Contct.swift; sourceTree = "<group>"; };
		21DC9DA71C3F55E800D564B0 /* DetailViewController.swift */ = {isa = PBXFileReference; fileEncoding = 4; lastKnownFileType = sourcecode.swift; path = DetailViewController.swift; sourceTree = "<group>"; };
/* End PBXFileReference section */

/* Begin PBXFrameworksBuildPhase section */
		2123D20F1C3D952D00687F38 /* Frameworks */ = {
			isa = PBXFrameworksBuildPhase;
			buildActionMask = 2147483647;
			files = (
			);
			runOnlyForDeploymentPostprocessing = 0;
		};
		2123D2231C3D952D00687F38 /* Frameworks */ = {
			isa = PBXFrameworksBuildPhase;
			buildActionMask = 2147483647;
			files = (
			);
			runOnlyForDeploymentPostprocessing = 0;
		};
		2123D22E1C3D952D00687F38 /* Frameworks */ = {
			isa = PBXFrameworksBuildPhase;
			buildActionMask = 2147483647;
			files = (
			);
			runOnlyForDeploymentPostprocessing = 0;
		};
/* End PBXFrameworksBuildPhase section */

/* Begin PBXGroup section */
		2123D2091C3D952D00687F38 = {
			isa = PBXGroup;
			children = (
				2123D2141C3D952D00687F38 /* good contacts */,
				2123D2291C3D952D00687F38 /* good contactsTests */,
				2123D2341C3D952D00687F38 /* good contactsUITests */,
				2123D2131C3D952D00687F38 /* Products */,
			);
			sourceTree = "<group>";
		};
		2123D2131C3D952D00687F38 /* Products */ = {
			isa = PBXGroup;
			children = (
				2123D2121C3D952D00687F38 /* good contacts.app */,
				2123D2261C3D952D00687F38 /* good contactsTests.xctest */,
				2123D2311C3D952D00687F38 /* good contactsUITests.xctest */,
			);
			name = Products;
			sourceTree = "<group>";
		};
		2123D2141C3D952D00687F38 /* good contacts */ = {
			isa = PBXGroup;
			children = (
				2123D2151C3D952D00687F38 /* AppDelegate.swift */,
				2123D2171C3D952D00687F38 /* ViewController.swift */,
				2123D2191C3D952D00687F38 /* Main.storyboard */,
				21DC9DA71C3F55E800D564B0 /* DetailViewController.swift */,
				2123D2431C3D963F00687F38 /* ContactsTableViewController.swift */,
				2123D2451C3D993A00687F38 /* Contct.swift */,
				2123D21C1C3D952D00687F38 /* Assets.xcassets */,
				2123D21E1C3D952D00687F38 /* LaunchScreen.storyboard */,
				2123D2211C3D952D00687F38 /* Info.plist */,
			);
			path = "good contacts";
			sourceTree = "<group>";
		};
		2123D2291C3D952D00687F38 /* good contactsTests */ = {
			isa = PBXGroup;
			children = (
				2123D22A1C3D952D00687F38 /* good_contactsTests.swift */,
				2123D22C1C3D952D00687F38 /* Info.plist */,
			);
			path = "good contactsTests";
			sourceTree = "<group>";
		};
		2123D2341C3D952D00687F38 /* good contactsUITests */ = {
			isa = PBXGroup;
			children = (
				2123D2351C3D952D00687F38 /* good_contactsUITests.swift */,
				2123D2371C3D952D00687F38 /* Info.plist */,
			);
			path = "good contactsUITests";
			sourceTree = "<group>";
		};
/* End PBXGroup section */

/* Begin PBXNativeTarget section */
		2123D2111C3D952D00687F38 /* good contacts */ = {
			isa = PBXNativeTarget;
			buildConfigurationList = 2123D23A1C3D952D00687F38 /* Build configuration list for PBXNativeTarget "good contacts" */;
			buildPhases = (
				2123D20E1C3D952D00687F38 /* Sources */,
				2123D20F1C3D952D00687F38 /* Frameworks */,
				2123D2101C3D952D00687F38 /* Resources */,
			);
			buildRules = (
			);
			dependencies = (
			);
			name = "good contacts";
			productName = "good contacts";
			productReference = 2123D2121C3D952D00687F38 /* good contacts.app */;
			productType = "com.apple.product-type.application";
		};
		2123D2251C3D952D00687F38 /* good contactsTests */ = {
			isa = PBXNativeTarget;
			buildConfigurationList = 2123D23D1C3D952D00687F38 /* Build configuration list for PBXNativeTarget "good contactsTests" */;
			buildPhases = (
				2123D2221C3D952D00687F38 /* Sources */,
				2123D2231C3D952D00687F38 /* Frameworks */,
				2123D2241C3D952D00687F38 /* Resources */,
			);
			buildRules = (
			);
			dependencies = (
				2123D2281C3D952D00687F38 /* PBXTargetDependency */,
			);
			name = "good contactsTests";
			productName = "good contactsTests";
			productReference = 2123D2261C3D952D00687F38 /* good contactsTests.xctest */;
			productType = "com.apple.product-type.bundle.unit-test";
		};
		2123D2301C3D952D00687F38 /* good contactsUITests */ = {
			isa = PBXNativeTarget;
			buildConfigurationList = 2123D2401C3D952D00687F38 /* Build configuration list for PBXNativeTarget "good contactsUITests" */;
			buildPhases = (
				2123D22D1C3D952D00687F38 /* Sources */,
				2123D22E1C3D952D00687F38 /* Frameworks */,
				2123D22F1C3D952D00687F38 /* Resources */,
			);
			buildRules = (
			);
			dependencies = (
				2123D2331C3D952D00687F38 /* PBXTargetDependency */,
			);
			name = "good contactsUITests";
			productName = "good contactsUITests";
			productReference = 2123D2311C3D952D00687F38 /* good contactsUITests.xctest */;
			productType = "com.apple.product-type.bundle.ui-testing";
		};
/* End PBXNativeTarget section */

/* Begin PBXProject section */
		2123D20A1C3D952D00687F38 /* Project object */ = {
			isa = PBXProject;
			attributes = {
				LastUpgradeCheck = 0700;
				ORGANIZATIONNAME = "Samira Baird";
				TargetAttributes = {
					2123D2111C3D952D00687F38 = {
						CreatedOnToolsVersion = 7.0.1;
					};
					2123D2251C3D952D00687F38 = {
						CreatedOnToolsVersion = 7.0.1;
						TestTargetID = 2123D2111C3D952D00687F38;
					};
					2123D2301C3D952D00687F38 = {
						CreatedOnToolsVersion = 7.0.1;
						TestTargetID = 2123D2111C3D952D00687F38;
					};
				};
			};
			buildConfigurationList = 2123D20D1C3D952D00687F38 /* Build configuration list for PBXProject "good contacts" */;
			compatibilityVersion = "Xcode 3.2";
			developmentRegion = English;
			hasScannedForEncodings = 0;
			knownRegions = (
				en,
				Base,
			);
			mainGroup = 2123D2091C3D952D00687F38;
			productRefGroup = 2123D2131C3D952D00687F38 /* Products */;
			projectDirPath = "";
			projectRoot = "";
			targets = (
				2123D2111C3D952D00687F38 /* good contacts */,
				2123D2251C3D952D00687F38 /* good contactsTests */,
				2123D2301C3D952D00687F38 /* good contactsUITests */,
			);
		};
/* End PBXProject section */

/* Begin PBXResourcesBuildPhase section */
		2123D2101C3D952D00687F38 /* Resources */ = {
			isa = PBXResourcesBuildPhase;
			buildActionMask = 2147483647;
			files = (
				2123D2201C3D952D00687F38 /* LaunchScreen.storyboard in Resources */,
				2123D21D1C3D952D00687F38 /* Assets.xcassets in Resources */,
				2123D21B1C3D952D00687F38 /* Main.storyboard in Resources */,
			);
			runOnlyForDeploymentPostprocessing = 0;
		};
		2123D2241C3D952D00687F38 /* Resources */ = {
			isa = PBXResourcesBuildPhase;
			buildActionMask = 2147483647;
			files = (
			);
			runOnlyForDeploymentPostprocessing = 0;
		};
		2123D22F1C3D952D00687F38 /* Resources */ = {
			isa = PBXResourcesBuildPhase;
			buildActionMask = 2147483647;
			files = (
			);
			runOnlyForDeploymentPostprocessing = 0;
		};
/* End PBXResourcesBuildPhase section */

/* Begin PBXSourcesBuildPhase section */
		2123D20E1C3D952D00687F38 /* Sources */ = {
			isa = PBXSourcesBuildPhase;
			buildActionMask = 2147483647;
			files = (
				2123D2181C3D952D00687F38 /* ViewController.swift in Sources */,
				2123D2161C3D952D00687F38 /* AppDelegate.swift in Sources */,
				21DC9DA81C3F55E800D564B0 /* DetailViewController.swift in Sources */,
				2123D2461C3D993A00687F38 /* Contct.swift in Sources */,
				2123D2441C3D963F00687F38 /* ContactsTableViewController.swift in Sources */,
			);
			runOnlyForDeploymentPostprocessing = 0;
		};
		2123D2221C3D952D00687F38 /* Sources */ = {
			isa = PBXSourcesBuildPhase;
			buildActionMask = 2147483647;
			files = (
				2123D22B1C3D952D00687F38 /* good_contactsTests.swift in Sources */,
			);
			runOnlyForDeploymentPostprocessing = 0;
		};
		2123D22D1C3D952D00687F38 /* Sources */ = {
			isa = PBXSourcesBuildPhase;
			buildActionMask = 2147483647;
			files = (
				2123D2361C3D952D00687F38 /* good_contactsUITests.swift in Sources */,
			);
			runOnlyForDeploymentPostprocessing = 0;
		};
/* End PBXSourcesBuildPhase section */

/* Begin PBXTargetDependency section */
		2123D2281C3D952D00687F38 /* PBXTargetDependency */ = {
			isa = PBXTargetDependency;
			target = 2123D2111C3D952D00687F38 /* good contacts */;
			targetProxy = 2123D2271C3D952D00687F38 /* PBXContainerItemProxy */;
		};
		2123D2331C3D952D00687F38 /* PBXTargetDependency */ = {
			isa = PBXTargetDependency;
			target = 2123D2111C3D952D00687F38 /* good contacts */;
			targetProxy = 2123D2321C3D952D00687F38 /* PBXContainerItemProxy */;
		};
/* End PBXTargetDependency section */

/* Begin PBXVariantGroup section */
		2123D2191C3D952D00687F38 /* Main.storyboard */ = {
			isa = PBXVariantGroup;
			children = (
				2123D21A1C3D952D00687F38 /* Base */,
			);
			name = Main.storyboard;
			sourceTree = "<group>";
		};
		2123D21E1C3D952D00687F38 /* LaunchScreen.storyboard */ = {
			isa = PBXVariantGroup;
			children = (
				2123D21F1C3D952D00687F38 /* Base */,
			);
			name = LaunchScreen.storyboard;
			sourceTree = "<group>";
		};
/* End PBXVariantGroup section */

/* Begin XCBuildConfiguration section */
		2123D2381C3D952D00687F38 /* Debug */ = {
			isa = XCBuildConfiguration;
			buildSettings = {
				ALWAYS_SEARCH_USER_PATHS = NO;
				CLANG_CXX_LANGUAGE_STANDARD = "gnu++0x";
				CLANG_CXX_LIBRARY = "libc++";
				CLANG_ENABLE_MODULES = YES;
				CLANG_ENABLE_OBJC_ARC = YES;
				CLANG_WARN_BOOL_CONVERSION = YES;
				CLANG_WARN_CONSTANT_CONVERSION = YES;
				CLANG_WARN_DIRECT_OBJC_ISA_USAGE = YES_ERROR;
				CLANG_WARN_EMPTY_BODY = YES;
				CLANG_WARN_ENUM_CONVERSION = YES;
				CLANG_WARN_INT_CONVERSION = YES;
				CLANG_WARN_OBJC_ROOT_CLASS = YES_ERROR;
				CLANG_WARN_UNREACHABLE_CODE = YES;
				CLANG_WARN__DUPLICATE_METHOD_MATCH = YES;
				"CODE_SIGN_IDENTITY[sdk=iphoneos*]" = "iPhone Developer";
				COPY_PHASE_STRIP = NO;
				DEBUG_INFORMATION_FORMAT = dwarf;
				ENABLE_STRICT_OBJC_MSGSEND = YES;
				ENABLE_TESTABILITY = YES;
				GCC_C_LANGUAGE_STANDARD = gnu99;
				GCC_DYNAMIC_NO_PIC = NO;
				GCC_NO_COMMON_BLOCKS = YES;
				GCC_OPTIMIZATION_LEVEL = 0;
				GCC_PREPROCESSOR_DEFINITIONS = (
					"DEBUG=1",
					"$(inherited)",
				);
				GCC_WARN_64_TO_32_BIT_CONVERSION = YES;
				GCC_WARN_ABOUT_RETURN_TYPE = YES_ERROR;
				GCC_WARN_UNDECLARED_SELECTOR = YES;
				GCC_WARN_UNINITIALIZED_AUTOS = YES_AGGRESSIVE;
				GCC_WARN_UNUSED_FUNCTION = YES;
				GCC_WARN_UNUSED_VARIABLE = YES;
				IPHONEOS_DEPLOYMENT_TARGET = 9.0;
				MTL_ENABLE_DEBUG_INFO = YES;
				ONLY_ACTIVE_ARCH = YES;
				SDKROOT = iphoneos;
				SWIFT_OPTIMIZATION_LEVEL = "-Onone";
			};
			name = Debug;
		};
		2123D2391C3D952D00687F38 /* Release */ = {
			isa = XCBuildConfiguration;
			buildSettings = {
				ALWAYS_SEARCH_USER_PATHS = NO;
				CLANG_CXX_LANGUAGE_STANDARD = "gnu++0x";
				CLANG_CXX_LIBRARY = "libc++";
				CLANG_ENABLE_MODULES = YES;
				CLANG_ENABLE_OBJC_ARC = YES;
				CLANG_WARN_BOOL_CONVERSION = YES;
				CLANG_WARN_CONSTANT_CONVERSION = YES;
				CLANG_WARN_DIRECT_OBJC_ISA_USAGE = YES_ERROR;
				CLANG_WARN_EMPTY_BODY = YES;
				CLANG_WARN_ENUM_CONVERSION = YES;
				CLANG_WARN_INT_CONVERSION = YES;
				CLANG_WARN_OBJC_ROOT_CLASS = YES_ERROR;
				CLANG_WARN_UNREACHABLE_CODE = YES;
				CLANG_WARN__DUPLICATE_METHOD_MATCH = YES;
				"CODE_SIGN_IDENTITY[sdk=iphoneos*]" = "iPhone Developer";
				COPY_PHASE_STRIP = NO;
				DEBUG_INFORMATION_FORMAT = "dwarf-with-dsym";
				ENABLE_NS_ASSERTIONS = NO;
				ENABLE_STRICT_OBJC_MSGSEND = YES;
				GCC_C_LANGUAGE_STANDARD = gnu99;
				GCC_NO_COMMON_BLOCKS = YES;
				GCC_WARN_64_TO_32_BIT_CONVERSION = YES;
				GCC_WARN_ABOUT_RETURN_TYPE = YES_ERROR;
				GCC_WARN_UNDECLARED_SELECTOR = YES;
				GCC_WARN_UNINITIALIZED_AUTOS = YES_AGGRESSIVE;
				GCC_WARN_UNUSED_FUNCTION = YES;
				GCC_WARN_UNUSED_VARIABLE = YES;
				IPHONEOS_DEPLOYMENT_TARGET = 9.0;
				MTL_ENABLE_DEBUG_INFO = NO;
				SDKROOT = iphoneos;
				VALIDATE_PRODUCT = YES;
			};
			name = Release;
		};
		2123D23B1C3D952D00687F38 /* Debug */ = {
			isa = XCBuildConfiguration;
			buildSettings = {
				ASSETCATALOG_COMPILER_APPICON_NAME = AppIcon;
				INFOPLIST_FILE = "good contacts/Info.plist";
				LD_RUNPATH_SEARCH_PATHS = "$(inherited) @executable_path/Frameworks";
				PRODUCT_BUNDLE_IDENTIFIER = "com.thinkful.good-contacts";
				PRODUCT_NAME = "$(TARGET_NAME)";
			};
			name = Debug;
		};
		2123D23C1C3D952D00687F38 /* Release */ = {
			isa = XCBuildConfiguration;
			buildSettings = {
				ASSETCATALOG_COMPILER_APPICON_NAME = AppIcon;
				INFOPLIST_FILE = "good contacts/Info.plist";
				LD_RUNPATH_SEARCH_PATHS = "$(inherited) @executable_path/Frameworks";
				PRODUCT_BUNDLE_IDENTIFIER = "com.thinkful.good-contacts";
				PRODUCT_NAME = "$(TARGET_NAME)";
			};
			name = Release;
		};
		2123D23E1C3D952D00687F38 /* Debug */ = {
			isa = XCBuildConfiguration;
			buildSettings = {
				BUNDLE_LOADER = "$(TEST_HOST)";
				INFOPLIST_FILE = "good contactsTests/Info.plist";
				LD_RUNPATH_SEARCH_PATHS = "$(inherited) @executable_path/Frameworks @loader_path/Frameworks";
				PRODUCT_BUNDLE_IDENTIFIER = "com.thinkful.good-contactsTests";
				PRODUCT_NAME = "$(TARGET_NAME)";
				TEST_HOST = "$(BUILT_PRODUCTS_DIR)/good contacts.app/good contacts";
			};
			name = Debug;
		};
		2123D23F1C3D952D00687F38 /* Release */ = {
			isa = XCBuildConfiguration;
			buildSettings = {
				BUNDLE_LOADER = "$(TEST_HOST)";
				INFOPLIST_FILE = "good contactsTests/Info.plist";
				LD_RUNPATH_SEARCH_PATHS = "$(inherited) @executable_path/Frameworks @loader_path/Frameworks";
				PRODUCT_BUNDLE_IDENTIFIER = "com.thinkful.good-contactsTests";
				PRODUCT_NAME = "$(TARGET_NAME)";
				TEST_HOST = "$(BUILT_PRODUCTS_DIR)/good contacts.app/good contacts";
			};
			name = Release;
		};
		2123D2411C3D952D00687F38 /* Debug */ = {
			isa = XCBuildConfiguration;
			buildSettings = {
				INFOPLIST_FILE = "good contactsUITests/Info.plist";
				LD_RUNPATH_SEARCH_PATHS = "$(inherited) @executable_path/Frameworks @loader_path/Frameworks";
				PRODUCT_BUNDLE_IDENTIFIER = "com.thinkful.good-contactsUITests";
				PRODUCT_NAME = "$(TARGET_NAME)";
				TEST_TARGET_NAME = "good contacts";
				USES_XCTRUNNER = YES;
			};
			name = Debug;
		};
		2123D2421C3D952D00687F38 /* Release */ = {
			isa = XCBuildConfiguration;
			buildSettings = {
				INFOPLIST_FILE = "good contactsUITests/Info.plist";
				LD_RUNPATH_SEARCH_PATHS = "$(inherited) @executable_path/Frameworks @loader_path/Frameworks";
				PRODUCT_BUNDLE_IDENTIFIER = "com.thinkful.good-contactsUITests";
				PRODUCT_NAME = "$(TARGET_NAME)";
				TEST_TARGET_NAME = "good contacts";
				USES_XCTRUNNER = YES;
			};
			name = Release;
		};
/* End XCBuildConfiguration section */

/* Begin XCConfigurationList section */
		2123D20D1C3D952D00687F38 /* Build configuration list for PBXProject "good contacts" */ = {
			isa = XCConfigurationList;
			buildConfigurations = (
				2123D2381C3D952D00687F38 /* Debug */,
				2123D2391C3D952D00687F38 /* Release */,
			);
			defaultConfigurationIsVisible = 0;
			defaultConfigurationName = Release;
		};
		2123D23A1C3D952D00687F38 /* Build configuration list for PBXNativeTarget "good contacts" */ = {
			isa = XCConfigurationList;
			buildConfigurations = (
				2123D23B1C3D952D00687F38 /* Debug */,
				2123D23C1C3D952D00687F38 /* Release */,
			);
			defaultConfigurationIsVisible = 0;
			defaultConfigurationName = Release;
		};
		2123D23D1C3D952D00687F38 /* Build configuration list for PBXNativeTarget "good contactsTests" */ = {
			isa = XCConfigurationList;
			buildConfigurations = (
				2123D23E1C3D952D00687F38 /* Debug */,
				2123D23F1C3D952D00687F38 /* Release */,
			);
			defaultConfigurationIsVisible = 0;
			defaultConfigurationName = Release;
		};
		2123D2401C3D952D00687F38 /* Build configuration list for PBXNativeTarget "good contactsUITests" */ = {
			isa = XCConfigurationList;
			buildConfigurations = (
				2123D2411C3D952D00687F38 /* Debug */,
				2123D2421C3D952D00687F38 /* Release */,
			);
			defaultConfigurationIsVisible = 0;
			defaultConfigurationName = Release;
		};
/* End XCConfigurationList section */
	};
	rootObject = 2123D20A1C3D952D00687F38 /* Project object */;
}
